
Microsoft Visual Studio Solution File, Format Version 12.00
Project("{FAE04EC0-301F-11D3-BF4B-00C04F79EFBC}") = "Zeenox", "Zeenox\Zeenox.csproj", "{1AF1F6E9-4CC2-499E-A48C-643F49BE30D9}"
EndProject
Global
	GlobalSection(SolutionConfigurationPlatforms) = preSolution
		Debug|Any CPU = Debug|Any CPU
		Release|Any CPU = Release|Any CPU
	EndGlobalSection
	GlobalSection(ProjectConfigurationPlatforms) = postSolution
		{1AF1F6E9-4CC2-499E-A48C-643F49BE30D9}.Debug|Any CPU.ActiveCfg = Debug|Any CPU
		{1AF1F6E9-4CC2-499E-A48C-643F49BE30D9}.Debug|Any CPU.Build.0 = Debug|Any CPU
		{1AF1F6E9-4CC2-499E-A48C-643F49BE30D9}.Release|Any CPU.ActiveCfg = Release|Any CPU
		{1AF1F6E9-4CC2-499E-A48C-643F49BE30D9}.Release|Any CPU.Build.0 = Release|Any CPU
	EndGlobalSection
EndGlobal
